{
  "object": {
    "pins": [
      {
        "package": "Facebook",
        "repositoryURL": "https://github.com/facebook/facebook-ios-sdk.git",
        "state": {
          "branch": null,
          "revision": "5d5de15f6a9915d1e2cf63ea8d8c58f2b1e62ee9",
          "version": "6.0.0"
        }
      },
      {
        "package": "QuickLayout",
        "repositoryURL": "https://github.com/huri000/QuickLayout",
        "state": {
          "branch": null,
          "revision": "6be62decbe508d8fc8f9dbafc349d05bab03c38b",
          "version": "3.0.1"
        }
      },
      {
        "package": "RangeUISlider",
        "repositoryURL": "https://github.com/chicio/RangeUISlider.git",
        "state": {
          "branch": "master",
          "revision": "bb3acbd8e658e89324253eb71f965bbe67decf77",
          "version": null
        }
      },
      {
        "package": "SwiftEntryKit",
        "repositoryURL": "https://github.com/huri000/SwiftEntryKit.git",
        "state": {
          "branch": null,
          "revision": "796981500de29ee72f72ef8e9c46eaed2fe6364e",
          "version": "1.2.3"
        }
      }
    ]
  },
  "version": 1
}
